
Microsoft Visual Studio Solution File, Format Version 12.00
# Visual Studio Version 17
VisualStudioVersion = 17.7.34202.233
MinimumVisualStudioVersion = 10.0.40219.1
Project("{FAE04EC0-301F-11D3-BF4B-00C04F79EFBC}") = "Clean-Architeture-User-Managerment", "Clean-Architeture-User-Managerment\Clean-Architeture-User-Managerment.csproj", "{A1CBA2A1-0B02-4785-BCDB-1E6349EFC785}"
EndProject
Project("{FAE04EC0-301F-11D3-BF4B-00C04F79EFBC}") = "Application", "Application\Application.csproj", "{B63A40F6-1EDF-4A21-B099-B55202F8706B}"
EndProject
Project("{FAE04EC0-301F-11D3-BF4B-00C04F79EFBC}") = "Domain", "Domain\Domain.csproj", "{C1E92748-AD79-45AF-9B68-C9A5D08BC1DA}"
EndProject
Project("{FAE04EC0-301F-11D3-BF4B-00C04F79EFBC}") = "Infrastructure", "Infrastructure\Infrastructure.csproj", "{82F57C79-4650-4D26-B232-2F9647D438BE}"
EndProject
Project("{FAE04EC0-301F-11D3-BF4B-00C04F79EFBC}") = "Tests", "Tests\Tests.csproj", "{1DDEB78C-ED31-4534-B542-7625A03EE70B}"
EndProject
Global
	GlobalSection(SolutionConfigurationPlatforms) = preSolution
		Debug|Any CPU = Debug|Any CPU
		Release|Any CPU = Release|Any CPU
	EndGlobalSection
	GlobalSection(ProjectConfigurationPlatforms) = postSolution
		{A1CBA2A1-0B02-4785-BCDB-1E6349EFC785}.Debug|Any CPU.ActiveCfg = Debug|Any CPU
		{A1CBA2A1-0B02-4785-BCDB-1E6349EFC785}.Debug|Any CPU.Build.0 = Debug|Any CPU
		{A1CBA2A1-0B02-4785-BCDB-1E6349EFC785}.Release|Any CPU.ActiveCfg = Release|Any CPU
		{A1CBA2A1-0B02-4785-BCDB-1E6349EFC785}.Release|Any CPU.Build.0 = Release|Any CPU
		{B63A40F6-1EDF-4A21-B099-B55202F8706B}.Debug|Any CPU.ActiveCfg = Debug|Any CPU
		{B63A40F6-1EDF-4A21-B099-B55202F8706B}.Debug|Any CPU.Build.0 = Debug|Any CPU
		{B63A40F6-1EDF-4A21-B099-B55202F8706B}.Release|Any CPU.ActiveCfg = Release|Any CPU
		{B63A40F6-1EDF-4A21-B099-B55202F8706B}.Release|Any CPU.Build.0 = Release|Any CPU
		{C1E92748-AD79-45AF-9B68-C9A5D08BC1DA}.Debug|Any CPU.ActiveCfg = Debug|Any CPU
		{C1E92748-AD79-45AF-9B68-C9A5D08BC1DA}.Debug|Any CPU.Build.0 = Debug|Any CPU
		{C1E92748-AD79-45AF-9B68-C9A5D08BC1DA}.Release|Any CPU.ActiveCfg = Release|Any CPU
		{C1E92748-AD79-45AF-9B68-C9A5D08BC1DA}.Release|Any CPU.Build.0 = Release|Any CPU
		{82F57C79-4650-4D26-B232-2F9647D438BE}.Debug|Any CPU.ActiveCfg = Debug|Any CPU
		{82F57C79-4650-4D26-B232-2F9647D438BE}.Debug|Any CPU.Build.0 = Debug|Any CPU
		{82F57C79-4650-4D26-B232-2F9647D438BE}.Release|Any CPU.ActiveCfg = Release|Any CPU
		{82F57C79-4650-4D26-B232-2F9647D438BE}.Release|Any CPU.Build.0 = Release|Any CPU
		{1DDEB78C-ED31-4534-B542-7625A03EE70B}.Debug|Any CPU.ActiveCfg = Debug|Any CPU
		{1DDEB78C-ED31-4534-B542-7625A03EE70B}.Debug|Any CPU.Build.0 = Debug|Any CPU
		{1DDEB78C-ED31-4534-B542-7625A03EE70B}.Release|Any CPU.ActiveCfg = Release|Any CPU
		{1DDEB78C-ED31-4534-B542-7625A03EE70B}.Release|Any CPU.Build.0 = Release|Any CPU
	EndGlobalSection
	GlobalSection(SolutionProperties) = preSolution
		HideSolutionNode = FALSE
	EndGlobalSection
	GlobalSection(ExtensibilityGlobals) = postSolution
		SolutionGuid = {B0286ED6-18FC-40A7-95E2-BA5E4E294608}
	EndGlobalSection
EndGlobal
